
Microsoft Visual Studio Solution File, Format Version 12.00
# Visual Studio Version 16
VisualStudioVersion = 16.0.32413.511
MinimumVisualStudioVersion = 10.0.40219.1
Project("{9A19103F-16F7-4668-BE54-9A1E7A4F7556}") = "TenMan.Common", "TenMan.Common\TenMan.Common.csproj", "{7263B654-6DB4-41D1-BCCA-A5251F81F8D8}"
EndProject
Project("{9A19103F-16F7-4668-BE54-9A1E7A4F7556}") = "TenMan.Web", "TenMan.Web\TenMan.Web.csproj", "{0E978A4F-DD32-4AA3-892E-119C371D7FA3}"
EndProject
Global
	GlobalSection(SolutionConfigurationPlatforms) = preSolution
		Debug|Any CPU = Debug|Any CPU
		Release|Any CPU = Release|Any CPU
	EndGlobalSection
	GlobalSection(ProjectConfigurationPlatforms) = postSolution
		{7263B654-6DB4-41D1-BCCA-A5251F81F8D8}.Debug|Any CPU.ActiveCfg = Debug|Any CPU
		{7263B654-6DB4-41D1-BCCA-A5251F81F8D8}.Debug|Any CPU.Build.0 = Debug|Any CPU
		{7263B654-6DB4-41D1-BCCA-A5251F81F8D8}.Release|Any CPU.ActiveCfg = Release|Any CPU
		{7263B654-6DB4-41D1-BCCA-A5251F81F8D8}.Release|Any CPU.Build.0 = Release|Any CPU
		{0E978A4F-DD32-4AA3-892E-119C371D7FA3}.Debug|Any CPU.ActiveCfg = Debug|Any CPU
		{0E978A4F-DD32-4AA3-892E-119C371D7FA3}.Debug|Any CPU.Build.0 = Debug|Any CPU
		{0E978A4F-DD32-4AA3-892E-119C371D7FA3}.Release|Any CPU.ActiveCfg = Release|Any CPU
		{0E978A4F-DD32-4AA3-892E-119C371D7FA3}.Release|Any CPU.Build.0 = Release|Any CPU
	EndGlobalSection
	GlobalSection(SolutionProperties) = preSolution
		HideSolutionNode = FALSE
	EndGlobalSection
	GlobalSection(ExtensibilityGlobals) = postSolution
		SolutionGuid = {A3EDC0E3-6056-4ED6-BFC9-E0E555729971}
	EndGlobalSection
EndGlobal
